
Microsoft Visual Studio Solution File, Format Version 12.00
# Visual Studio 15
VisualStudioVersion = 15.0.27703.2000
MinimumVisualStudioVersion = 10.0.40219.1
Project("{FAE04EC0-301F-11D3-BF4B-00C04F79EFBC}") = "Blog", "Blog\Blog.csproj", "{1753010F-F177-404F-8F49-1A949A2BDECF}"
EndProject
Global
	GlobalSection(SolutionConfigurationPlatforms) = preSolution
		Debug|Any CPU = Debug|Any CPU
		Release|Any CPU = Release|Any CPU
	EndGlobalSection
	GlobalSection(ProjectConfigurationPlatforms) = postSolution
		{1753010F-F177-404F-8F49-1A949A2BDECF}.Debug|Any CPU.ActiveCfg = Debug|Any CPU
		{1753010F-F177-404F-8F49-1A949A2BDECF}.Debug|Any CPU.Build.0 = Debug|Any CPU
		{1753010F-F177-404F-8F49-1A949A2BDECF}.Release|Any CPU.ActiveCfg = Release|Any CPU
		{1753010F-F177-404F-8F49-1A949A2BDECF}.Release|Any CPU.Build.0 = Release|Any CPU
	EndGlobalSection
	GlobalSection(SolutionProperties) = preSolution
		HideSolutionNode = FALSE
	EndGlobalSection
	GlobalSection(ExtensibilityGlobals) = postSolution
		SolutionGuid = {7F785F79-7570-45C7-9CCA-96306218169F}
	EndGlobalSection
EndGlobal
